{
  "name": "iterable-lib",
  "version": "0.0.1",
  "lockfileVersion": 2,
  "requires": true,
  "packages": {
    "": {
      "name": "iterable-lib",
      "version": "0.0.1",
      "license": "ISC",
      "dependencies": {
        "@types/lodash": "^4.14.195",
        "@types/ramda": "^0.29.3",
        "lodash": "^4.17.21",
        "ramda": "^0.29.0"
      },
      "devDependencies": {
        "typescript": "^5.1.6"
      }
    },
    "node_modules/@types/lodash": {
      "version": "4.14.195",
      "resolved": "https://registry.npmjs.org/@types/lodash/-/lodash-4.14.195.tgz",
      "integrity": "sha512-Hwx9EUgdwf2GLarOjQp5ZH8ZmblzcbTBC2wtQWNKARBSxM9ezRIAUpeDTgoQRAFB0+8CNWXVA9+MaSOzOF3nPg=="
    },
    "node_modules/@types/ramda": {
      "version": "0.29.3",
      "resolved": "https://registry.npmjs.org/@types/ramda/-/ramda-0.29.3.tgz",
      "integrity": "sha512-Yh/RHkjN0ru6LVhSQtTkCRo6HXkfL9trot/2elzM/yXLJmbLm2v6kJc8yftTnwv1zvUob6TEtqI2cYjdqG3U0Q==",
      "dependencies": {
        "types-ramda": "^0.29.4"
      }
    },
    "node_modules/lodash": {
      "version": "4.17.21",
      "resolved": "https://registry.npmjs.org/lodash/-/lodash-4.17.21.tgz",
      "integrity": "sha512-v2kDEe57lecTulaDIuNTPy3Ry4gLGJ6Z1O3vE1krgXZNrsQ+LFTGHVxVjcXPs17LhbZVGedAJv8XZ1tvj5FvSg=="
    },
    "node_modules/ramda": {
      "version": "0.29.0",
      "resolved": "https://registry.npmjs.org/ramda/-/ramda-0.29.0.tgz",
      "integrity": "sha512-BBea6L67bYLtdbOqfp8f58fPMqEwx0doL+pAi8TZyp2YWz8R9G8z9x75CZI8W+ftqhFHCpEX2cRnUUXK130iKA==",
      "funding": {
        "type": "opencollective",
        "url": "https://opencollective.com/ramda"
      }
    },
    "node_modules/ts-toolbelt": {
      "version": "9.6.0",
      "resolved": "https://registry.npmjs.org/ts-toolbelt/-/ts-toolbelt-9.6.0.tgz",
      "integrity": "sha512-nsZd8ZeNUzukXPlJmTBwUAuABDe/9qtVDelJeT/qW0ow3ZS3BsQJtNkan1802aM9Uf68/Y8ljw86Hu0h5IUW3w=="
    },
    "node_modules/types-ramda": {
      "version": "0.29.4",
      "resolved": "https://registry.npmjs.org/types-ramda/-/types-ramda-0.29.4.tgz",
      "integrity": "sha512-XO/820iRsCDwqLjE8XE+b57cVGPyk1h+U9lBGpDWvbEky+NQChvHVwaKM05WnW1c5z3EVQh8NhXFmh2E/1YazQ==",
      "dependencies": {
        "ts-toolbelt": "^9.6.0"
      }
    },
    "node_modules/typescript": {
      "version": "5.1.6",
      "resolved": "https://registry.npmjs.org/typescript/-/typescript-5.1.6.tgz",
      "integrity": "sha512-zaWCozRZ6DLEWAWFrVDz1H6FVXzUSfTy5FUMWsQlU8Ym5JP9eO4xkTIROFCQvhQf61z6O/G6ugw3SgAnvvm+HA==",
      "dev": true,
      "bin": {
        "tsc": "bin/tsc",
        "tsserver": "bin/tsserver"
      },
      "engines": {
        "node": ">=14.17"
      }
    }
  },
  "dependencies": {
    "@types/lodash": {
      "version": "4.14.195",
      "resolved": "https://registry.npmjs.org/@types/lodash/-/lodash-4.14.195.tgz",
      "integrity": "sha512-Hwx9EUgdwf2GLarOjQp5ZH8ZmblzcbTBC2wtQWNKARBSxM9ezRIAUpeDTgoQRAFB0+8CNWXVA9+MaSOzOF3nPg=="
    },
    "@types/ramda": {
      "version": "0.29.3",
      "resolved": "https://registry.npmjs.org/@types/ramda/-/ramda-0.29.3.tgz",
      "integrity": "sha512-Yh/RHkjN0ru6LVhSQtTkCRo6HXkfL9trot/2elzM/yXLJmbLm2v6kJc8yftTnwv1zvUob6TEtqI2cYjdqG3U0Q==",
      "requires": {
        "types-ramda": "^0.29.4"
      }
    },
    "lodash": {
      "version": "4.17.21",
      "resolved": "https://registry.npmjs.org/lodash/-/lodash-4.17.21.tgz",
      "integrity": "sha512-v2kDEe57lecTulaDIuNTPy3Ry4gLGJ6Z1O3vE1krgXZNrsQ+LFTGHVxVjcXPs17LhbZVGedAJv8XZ1tvj5FvSg=="
    },
    "ramda": {
      "version": "0.29.0",
      "resolved": "https://registry.npmjs.org/ramda/-/ramda-0.29.0.tgz",
      "integrity": "sha512-BBea6L67bYLtdbOqfp8f58fPMqEwx0doL+pAi8TZyp2YWz8R9G8z9x75CZI8W+ftqhFHCpEX2cRnUUXK130iKA=="
    },
    "ts-toolbelt": {
      "version": "9.6.0",
      "resolved": "https://registry.npmjs.org/ts-toolbelt/-/ts-toolbelt-9.6.0.tgz",
      "integrity": "sha512-nsZd8ZeNUzukXPlJmTBwUAuABDe/9qtVDelJeT/qW0ow3ZS3BsQJtNkan1802aM9Uf68/Y8ljw86Hu0h5IUW3w=="
    },
    "types-ramda": {
      "version": "0.29.4",
      "resolved": "https://registry.npmjs.org/types-ramda/-/types-ramda-0.29.4.tgz",
      "integrity": "sha512-XO/820iRsCDwqLjE8XE+b57cVGPyk1h+U9lBGpDWvbEky+NQChvHVwaKM05WnW1c5z3EVQh8NhXFmh2E/1YazQ==",
      "requires": {
        "ts-toolbelt": "^9.6.0"
      }
    },
    "typescript": {
      "version": "5.1.6",
      "resolved": "https://registry.npmjs.org/typescript/-/typescript-5.1.6.tgz",
      "integrity": "sha512-zaWCozRZ6DLEWAWFrVDz1H6FVXzUSfTy5FUMWsQlU8Ym5JP9eO4xkTIROFCQvhQf61z6O/G6ugw3SgAnvvm+HA==",
      "dev": true
    }
  }
}
